{
  "name": "bot",
  "version": "1.0.0",
  "lockfileVersion": 2,
  "requires": true,
  "packages": {
    "": {
      "name": "bot",
      "version": "1.0.0",
      "license": "ISC",
      "dependencies": {
        "twit": "^1.1.20",
        "twitter": "^1.1.0"
      }
    },
    "node_modules/cookies": {
      "version": "0.8.0",
      "resolved": "https://registry.npmjs.org/cookies/-/cookies-0.8.0.tgz",
      "integrity": "sha512-8aPsApQfebXnuI+537McwYsDtjVxGm8gTIzQI3FDW6t5t/DAhERxtnbEPN/8RX+uZthoz4eCOgloXaE5cYyNow==",
      "dependencies": {
        "depd": "~2.0.0",
        "keygrip": "~1.1.0"
      },
      "engines": {
        "node": ">= 0.8"
      }
    },
    "node_modules/depd": {
      "version": "2.0.0",
      "resolved": "https://registry.npmjs.org/depd/-/depd-2.0.0.tgz",
      "integrity": "sha512-g7nH6P6dyDioJogAAGprGpCtVImJhpPk/roCzdb3fIh61/s/nPsfR6onyMwkCAR/OlC3yBC0lESvUoQEAssIrw==",
      "engines": {
        "node": ">= 0.8"
      }
    },
    "node_modules/keygrip": {
      "version": "1.1.0",
      "resolved": "https://registry.npmjs.org/keygrip/-/keygrip-1.1.0.tgz",
      "integrity": "sha512-iYSchDJ+liQ8iwbSI2QqsQOvqv58eJCEanyJPJi+Khyu8smkcKSFUCbPwzFcL7YVtZ6eONjqRX/38caJ7QjRAQ==",
      "dependencies": {
        "tsscmp": "1.0.6"
      },
      "engines": {
        "node": ">= 0.6"
      }
    },
    "node_modules/oauth": {
      "version": "0.9.9",
      "resolved": "https://registry.npmjs.org/oauth/-/oauth-0.9.9.tgz",
      "integrity": "sha512-kjdfbdtIFcfvHTdvh+pbR5RMOxrihCmMtDjOCAieetr4NoUOuRjl1q9gyGnvpPNDOalH8moHqur150XYGPQFeA=="
    },
    "node_modules/tsscmp": {
      "version": "1.0.6",
      "resolved": "https://registry.npmjs.org/tsscmp/-/tsscmp-1.0.6.tgz",
      "integrity": "sha512-LxhtAkPDTkVCMQjt2h6eBVY28KCjikZqZfMcC15YBeNjkgUpdCfBu5HoiOTDu86v6smE8yOjyEktJ8hlbANHQA==",
      "engines": {
        "node": ">=0.6.x"
      }
    },
    "node_modules/twit": {
      "version": "1.1.20",
      "resolved": "https://registry.npmjs.org/twit/-/twit-1.1.20.tgz",
      "integrity": "sha512-5Wb4b+1mqSxOXGrTe5O4GIB6/IQnh5anAub34M+VfAdA1g+9QfUuod4C94xf9NNcaz+rNZ/3LRUSTpn8wLMnYA==",
      "dependencies": {
        "oauth": "0.9.9"
      },
      "engines": {
        "node": ">=0.6.0"
      }
    },
    "node_modules/twitter": {
      "version": "1.1.0",
      "resolved": "https://registry.npmjs.org/twitter/-/twitter-1.1.0.tgz",
      "integrity": "sha512-Fyrm0b91s+WogtJ0TAImIp8xg8w85Ud8AGMzD+mSuN3/Jz9fNi986P59PkdGXcJAyNy1iz2nRJdkjAOBsW3DaQ==",
      "engines": [
        "node >=0.2.0"
      ],
      "dependencies": {
        "cookies": ">=0.1.6",
        "keygrip": ">=0.1.7",
        "oauth": ">=0.8.4"
      }
    }
  },
  "dependencies": {
    "cookies": {
      "version": "0.8.0",
      "resolved": "https://registry.npmjs.org/cookies/-/cookies-0.8.0.tgz",
      "integrity": "sha512-8aPsApQfebXnuI+537McwYsDtjVxGm8gTIzQI3FDW6t5t/DAhERxtnbEPN/8RX+uZthoz4eCOgloXaE5cYyNow==",
      "requires": {
        "depd": "~2.0.0",
        "keygrip": "~1.1.0"
      }
    },
    "depd": {
      "version": "2.0.0",
      "resolved": "https://registry.npmjs.org/depd/-/depd-2.0.0.tgz",
      "integrity": "sha512-g7nH6P6dyDioJogAAGprGpCtVImJhpPk/roCzdb3fIh61/s/nPsfR6onyMwkCAR/OlC3yBC0lESvUoQEAssIrw=="
    },
    "keygrip": {
      "version": "1.1.0",
      "resolved": "https://registry.npmjs.org/keygrip/-/keygrip-1.1.0.tgz",
      "integrity": "sha512-iYSchDJ+liQ8iwbSI2QqsQOvqv58eJCEanyJPJi+Khyu8smkcKSFUCbPwzFcL7YVtZ6eONjqRX/38caJ7QjRAQ==",
      "requires": {
        "tsscmp": "1.0.6"
      }
    },
    "oauth": {
      "version": "0.9.9",
      "resolved": "https://registry.npmjs.org/oauth/-/oauth-0.9.9.tgz",
      "integrity": "sha512-kjdfbdtIFcfvHTdvh+pbR5RMOxrihCmMtDjOCAieetr4NoUOuRjl1q9gyGnvpPNDOalH8moHqur150XYGPQFeA=="
    },
    "tsscmp": {
      "version": "1.0.6",
      "resolved": "https://registry.npmjs.org/tsscmp/-/tsscmp-1.0.6.tgz",
      "integrity": "sha512-LxhtAkPDTkVCMQjt2h6eBVY28KCjikZqZfMcC15YBeNjkgUpdCfBu5HoiOTDu86v6smE8yOjyEktJ8hlbANHQA=="
    },
    "twit": {
      "version": "1.1.20",
      "resolved": "https://registry.npmjs.org/twit/-/twit-1.1.20.tgz",
      "integrity": "sha512-5Wb4b+1mqSxOXGrTe5O4GIB6/IQnh5anAub34M+VfAdA1g+9QfUuod4C94xf9NNcaz+rNZ/3LRUSTpn8wLMnYA==",
      "requires": {
        "oauth": "0.9.9"
      }
    },
    "twitter": {
      "version": "1.1.0",
      "resolved": "https://registry.npmjs.org/twitter/-/twitter-1.1.0.tgz",
      "integrity": "sha512-Fyrm0b91s+WogtJ0TAImIp8xg8w85Ud8AGMzD+mSuN3/Jz9fNi986P59PkdGXcJAyNy1iz2nRJdkjAOBsW3DaQ==",
      "requires": {
        "cookies": ">=0.1.6",
        "keygrip": ">=0.1.7",
        "oauth": ">=0.8.4"
      }
    }
  }
}
